// !$*UTF8*$!
{
	archiveVersion = 1;
	classes = {
	};
	objectVersion = 56;
	objects = {

/* Begin PBXBuildFile section */
		C90629EC2C8F4C5300345763 /* CoinItemView.swift in Sources */ = {isa = PBXBuildFile; fileRef = C90629EB2C8F4C5300345763 /* CoinItemView.swift */; };
		C90629EE2C8F4E8A00345763 /* CurrencyNameView.swift in Sources */ = {isa = PBXBuildFile; fileRef = C90629ED2C8F4E8A00345763 /* CurrencyNameView.swift */; };
		C90629F02C8F4EAF00345763 /* CurrencyIncrementView.swift in Sources */ = {isa = PBXBuildFile; fileRef = C90629EF2C8F4EAF00345763 /* CurrencyIncrementView.swift */; };
		C90629F32C8F53AB00345763 /* Double+.swift in Sources */ = {isa = PBXBuildFile; fileRef = C90629F22C8F53AB00345763 /* Double+.swift */; };
		C9081C7D2C8DE2BB00491BC7 /* NavigationWrapper.swift in Sources */ = {isa = PBXBuildFile; fileRef = C9081C7C2C8DE2BB00491BC7 /* NavigationWrapper.swift */; };
		C9081C822C8DECFA00491BC7 /* CoinNetwork.swift in Sources */ = {isa = PBXBuildFile; fileRef = C9081C812C8DECFA00491BC7 /* CoinNetwork.swift */; };
		C9081C842C8DED2500491BC7 /* CryptoResponse.swift in Sources */ = {isa = PBXBuildFile; fileRef = C9081C832C8DED2500491BC7 /* CryptoResponse.swift */; };
		C9081C862C8DEF5500491BC7 /* mockCryptoData.json in Resources */ = {isa = PBXBuildFile; fileRef = C9081C852C8DEF5500491BC7 /* mockCryptoData.json */; };
		C9B9DF562C92A8A200A2F7F8 /* NFTItemView.swift in Sources */ = {isa = PBXBuildFile; fileRef = C9B9DF552C92A8A200A2F7F8 /* NFTItemView.swift */; };
		C9B9DF5A2C92B08B00A2F7F8 /* CryptoTabView.swift in Sources */ = {isa = PBXBuildFile; fileRef = C9B9DF592C92B08B00A2F7F8 /* CryptoTabView.swift */; };
		C9B9DF5E2C92B30100A2F7F8 /* CoinSearchView.swift in Sources */ = {isa = PBXBuildFile; fileRef = C9B9DF5D2C92B30100A2F7F8 /* CoinSearchView.swift */; };
		C9B9DF612C92B3AE00A2F7F8 /* FavoriteView.swift in Sources */ = {isa = PBXBuildFile; fileRef = C9B9DF602C92B3AE00A2F7F8 /* FavoriteView.swift */; };
		C9B9DF632C92C8BF00A2F7F8 /* MyPageView.swift in Sources */ = {isa = PBXBuildFile; fileRef = C9B9DF622C92C8BF00A2F7F8 /* MyPageView.swift */; };
		C9B9DF652C92CC5B00A2F7F8 /* mockSearchCoinData.json in Resources */ = {isa = PBXBuildFile; fileRef = C9B9DF642C92CC5B00A2F7F8 /* mockSearchCoinData.json */; };
		C9B9DF672C92CEBD00A2F7F8 /* SearchResponseDTO.swift in Sources */ = {isa = PBXBuildFile; fileRef = C9B9DF662C92CEBD00A2F7F8 /* SearchResponseDTO.swift */; };
		C9B9DF6E2C92F2FE00A2F7F8 /* CoinRepository.swift in Sources */ = {isa = PBXBuildFile; fileRef = C9B9DF6D2C92F2FE00A2F7F8 /* CoinRepository.swift */; };
		C9B9DF712C92F3B300A2F7F8 /* RealmSwift in Frameworks */ = {isa = PBXBuildFile; productRef = C9B9DF702C92F3B300A2F7F8 /* RealmSwift */; };
		C9B9DF732C92F5F500A2F7F8 /* RealmCoinModel.swift in Sources */ = {isa = PBXBuildFile; fileRef = C9B9DF722C92F5F500A2F7F8 /* RealmCoinModel.swift */; };
		C9FFDECE2C8AE7D200A17E09 /* SwiftUI_CryptoCoinApp.swift in Sources */ = {isa = PBXBuildFile; fileRef = C9FFDECD2C8AE7D200A17E09 /* SwiftUI_CryptoCoinApp.swift */; };
		C9FFDED02C8AE7D200A17E09 /* ContentView.swift in Sources */ = {isa = PBXBuildFile; fileRef = C9FFDECF2C8AE7D200A17E09 /* ContentView.swift */; };
		C9FFDED22C8AE7D300A17E09 /* Assets.xcassets in Resources */ = {isa = PBXBuildFile; fileRef = C9FFDED12C8AE7D300A17E09 /* Assets.xcassets */; };
		C9FFDED52C8AE7D300A17E09 /* Preview Assets.xcassets in Resources */ = {isa = PBXBuildFile; fileRef = C9FFDED42C8AE7D300A17E09 /* Preview Assets.xcassets */; };
/* End PBXBuildFile section */

/* Begin PBXFileReference section */
		C90629EB2C8F4C5300345763 /* CoinItemView.swift */ = {isa = PBXFileReference; lastKnownFileType = sourcecode.swift; path = CoinItemView.swift; sourceTree = "<group>"; };
		C90629ED2C8F4E8A00345763 /* CurrencyNameView.swift */ = {isa = PBXFileReference; lastKnownFileType = sourcecode.swift; path = CurrencyNameView.swift; sourceTree = "<group>"; };
		C90629EF2C8F4EAF00345763 /* CurrencyIncrementView.swift */ = {isa = PBXFileReference; lastKnownFileType = sourcecode.swift; path = CurrencyIncrementView.swift; sourceTree = "<group>"; };
		C90629F22C8F53AB00345763 /* Double+.swift */ = {isa = PBXFileReference; lastKnownFileType = sourcecode.swift; path = "Double+.swift"; sourceTree = "<group>"; };
		C9081C7C2C8DE2BB00491BC7 /* NavigationWrapper.swift */ = {isa = PBXFileReference; lastKnownFileType = sourcecode.swift; path = NavigationWrapper.swift; sourceTree = "<group>"; };
		C9081C812C8DECFA00491BC7 /* CoinNetwork.swift */ = {isa = PBXFileReference; lastKnownFileType = sourcecode.swift; path = CoinNetwork.swift; sourceTree = "<group>"; };
		C9081C832C8DED2500491BC7 /* CryptoResponse.swift */ = {isa = PBXFileReference; lastKnownFileType = sourcecode.swift; path = CryptoResponse.swift; sourceTree = "<group>"; };
		C9081C852C8DEF5500491BC7 /* mockCryptoData.json */ = {isa = PBXFileReference; fileEncoding = 4; lastKnownFileType = text.json; path = mockCryptoData.json; sourceTree = "<group>"; };
		C9B9DF552C92A8A200A2F7F8 /* NFTItemView.swift */ = {isa = PBXFileReference; lastKnownFileType = sourcecode.swift; path = NFTItemView.swift; sourceTree = "<group>"; };
		C9B9DF592C92B08B00A2F7F8 /* CryptoTabView.swift */ = {isa = PBXFileReference; lastKnownFileType = sourcecode.swift; path = CryptoTabView.swift; sourceTree = "<group>"; };
		C9B9DF5D2C92B30100A2F7F8 /* CoinSearchView.swift */ = {isa = PBXFileReference; lastKnownFileType = sourcecode.swift; path = CoinSearchView.swift; sourceTree = "<group>"; };
		C9B9DF602C92B3AE00A2F7F8 /* FavoriteView.swift */ = {isa = PBXFileReference; lastKnownFileType = sourcecode.swift; path = FavoriteView.swift; sourceTree = "<group>"; };
		C9B9DF622C92C8BF00A2F7F8 /* MyPageView.swift */ = {isa = PBXFileReference; lastKnownFileType = sourcecode.swift; path = MyPageView.swift; sourceTree = "<group>"; };
		C9B9DF642C92CC5B00A2F7F8 /* mockSearchCoinData.json */ = {isa = PBXFileReference; fileEncoding = 4; lastKnownFileType = text.json; path = mockSearchCoinData.json; sourceTree = "<group>"; };
		C9B9DF662C92CEBD00A2F7F8 /* SearchResponseDTO.swift */ = {isa = PBXFileReference; lastKnownFileType = sourcecode.swift; path = SearchResponseDTO.swift; sourceTree = "<group>"; };
		C9B9DF6D2C92F2FE00A2F7F8 /* CoinRepository.swift */ = {isa = PBXFileReference; lastKnownFileType = sourcecode.swift; path = CoinRepository.swift; sourceTree = "<group>"; };
		C9B9DF722C92F5F500A2F7F8 /* RealmCoinModel.swift */ = {isa = PBXFileReference; lastKnownFileType = sourcecode.swift; path = RealmCoinModel.swift; sourceTree = "<group>"; };
		C9FFDECA2C8AE7D200A17E09 /* SwiftUI_CryptoCoin.app */ = {isa = PBXFileReference; explicitFileType = wrapper.application; includeInIndex = 0; path = SwiftUI_CryptoCoin.app; sourceTree = BUILT_PRODUCTS_DIR; };
		C9FFDECD2C8AE7D200A17E09 /* SwiftUI_CryptoCoinApp.swift */ = {isa = PBXFileReference; lastKnownFileType = sourcecode.swift; path = SwiftUI_CryptoCoinApp.swift; sourceTree = "<group>"; };
		C9FFDECF2C8AE7D200A17E09 /* ContentView.swift */ = {isa = PBXFileReference; lastKnownFileType = sourcecode.swift; path = ContentView.swift; sourceTree = "<group>"; };
		C9FFDED12C8AE7D300A17E09 /* Assets.xcassets */ = {isa = PBXFileReference; lastKnownFileType = folder.assetcatalog; path = Assets.xcassets; sourceTree = "<group>"; };
		C9FFDED42C8AE7D300A17E09 /* Preview Assets.xcassets */ = {isa = PBXFileReference; lastKnownFileType = folder.assetcatalog; path = "Preview Assets.xcassets"; sourceTree = "<group>"; };
/* End PBXFileReference section */

/* Begin PBXFrameworksBuildPhase section */
		C9FFDEC72C8AE7D200A17E09 /* Frameworks */ = {
			isa = PBXFrameworksBuildPhase;
			buildActionMask = 2147483647;
			files = (
				C9B9DF712C92F3B300A2F7F8 /* RealmSwift in Frameworks */,
			);
			runOnlyForDeploymentPostprocessing = 0;
		};
/* End PBXFrameworksBuildPhase section */

/* Begin PBXGroup section */
		C90629F12C8F53A100345763 /* Extension */ = {
			isa = PBXGroup;
			children = (
				C90629F22C8F53AB00345763 /* Double+.swift */,
			);
			path = Extension;
			sourceTree = "<group>";
		};
		C9081C7B2C8DE2AE00491BC7 /* CustomWrapper */ = {
			isa = PBXGroup;
			children = (
				C9081C7C2C8DE2BB00491BC7 /* NavigationWrapper.swift */,
			);
			path = CustomWrapper;
			sourceTree = "<group>";
		};
		C9081C7E2C8DE2E700491BC7 /* CustomView */ = {
			isa = PBXGroup;
			children = (
				C90629EB2C8F4C5300345763 /* CoinItemView.swift */,
				C90629ED2C8F4E8A00345763 /* CurrencyNameView.swift */,
				C90629EF2C8F4EAF00345763 /* CurrencyIncrementView.swift */,
				C9B9DF552C92A8A200A2F7F8 /* NFTItemView.swift */,
			);
			path = CustomView;
			sourceTree = "<group>";
		};
		C9081C7F2C8DEC6700491BC7 /* CustomModifier */ = {
			isa = PBXGroup;
			children = (
			);
			path = CustomModifier;
			sourceTree = "<group>";
		};
		C9081C802C8DECF200491BC7 /* Network */ = {
			isa = PBXGroup;
			children = (
				C9081C812C8DECFA00491BC7 /* CoinNetwork.swift */,
				C9081C832C8DED2500491BC7 /* CryptoResponse.swift */,
				C9B9DF662C92CEBD00A2F7F8 /* SearchResponseDTO.swift */,
			);
			path = Network;
			sourceTree = "<group>";
		};
		C9081C872C8DEF5900491BC7 /* Mock */ = {
			isa = PBXGroup;
			children = (
				C9B9DF642C92CC5B00A2F7F8 /* mockSearchCoinData.json */,
				C9081C852C8DEF5500491BC7 /* mockCryptoData.json */,
			);
			path = Mock;
			sourceTree = "<group>";
		};
		C9B9DF572C92B06A00A2F7F8 /* View */ = {
			isa = PBXGroup;
			children = (
				C9B9DF5D2C92B30100A2F7F8 /* CoinSearchView.swift */,
				C9B9DF602C92B3AE00A2F7F8 /* FavoriteView.swift */,
				C9B9DF622C92C8BF00A2F7F8 /* MyPageView.swift */,
				C9081C7F2C8DEC6700491BC7 /* CustomModifier */,
				C9081C7B2C8DE2AE00491BC7 /* CustomWrapper */,
				C9081C7E2C8DE2E700491BC7 /* CustomView */,
				C9B9DF582C92B08400A2F7F8 /* TabView */,
			);
			path = View;
			sourceTree = "<group>";
		};
		C9B9DF582C92B08400A2F7F8 /* TabView */ = {
			isa = PBXGroup;
			children = (
				C9B9DF592C92B08B00A2F7F8 /* CryptoTabView.swift */,
			);
			path = TabView;
			sourceTree = "<group>";
		};
		C9B9DF6C2C92F2EF00A2F7F8 /* Repository */ = {
			isa = PBXGroup;
			children = (
				C9B9DF6D2C92F2FE00A2F7F8 /* CoinRepository.swift */,
				C9B9DF722C92F5F500A2F7F8 /* RealmCoinModel.swift */,
			);
			path = Repository;
			sourceTree = "<group>";
		};
		C9FFDEC12C8AE7D200A17E09 = {
			isa = PBXGroup;
			children = (
				C9FFDECC2C8AE7D200A17E09 /* SwiftUI_CryptoCoin */,
				C9FFDECB2C8AE7D200A17E09 /* Products */,
			);
			sourceTree = "<group>";
		};
		C9FFDECB2C8AE7D200A17E09 /* Products */ = {
			isa = PBXGroup;
			children = (
				C9FFDECA2C8AE7D200A17E09 /* SwiftUI_CryptoCoin.app */,
			);
			name = Products;
			sourceTree = "<group>";
		};
		C9FFDECC2C8AE7D200A17E09 /* SwiftUI_CryptoCoin */ = {
			isa = PBXGroup;
			children = (
				C9B9DF6C2C92F2EF00A2F7F8 /* Repository */,
				C9B9DF572C92B06A00A2F7F8 /* View */,
				C90629F12C8F53A100345763 /* Extension */,
				C9081C872C8DEF5900491BC7 /* Mock */,
				C9081C802C8DECF200491BC7 /* Network */,
				C9FFDECD2C8AE7D200A17E09 /* SwiftUI_CryptoCoinApp.swift */,
				C9FFDECF2C8AE7D200A17E09 /* ContentView.swift */,
				C9FFDED12C8AE7D300A17E09 /* Assets.xcassets */,
				C9FFDED32C8AE7D300A17E09 /* Preview Content */,
			);
			path = SwiftUI_CryptoCoin;
			sourceTree = "<group>";
		};
		C9FFDED32C8AE7D300A17E09 /* Preview Content */ = {
			isa = PBXGroup;
			children = (
				C9FFDED42C8AE7D300A17E09 /* Preview Assets.xcassets */,
			);
			path = "Preview Content";
			sourceTree = "<group>";
		};
/* End PBXGroup section */

/* Begin PBXNativeTarget section */
		C9FFDEC92C8AE7D200A17E09 /* SwiftUI_CryptoCoin */ = {
			isa = PBXNativeTarget;
			buildConfigurationList = C9FFDED82C8AE7D300A17E09 /* Build configuration list for PBXNativeTarget "SwiftUI_CryptoCoin" */;
			buildPhases = (
				C9FFDEC62C8AE7D200A17E09 /* Sources */,
				C9FFDEC72C8AE7D200A17E09 /* Frameworks */,
				C9FFDEC82C8AE7D200A17E09 /* Resources */,
			);
			buildRules = (
			);
			dependencies = (
			);
			name = SwiftUI_CryptoCoin;
			packageProductDependencies = (
				C9B9DF702C92F3B300A2F7F8 /* RealmSwift */,
			);
			productName = SwiftUI_CryptoCoin;
			productReference = C9FFDECA2C8AE7D200A17E09 /* SwiftUI_CryptoCoin.app */;
			productType = "com.apple.product-type.application";
		};
/* End PBXNativeTarget section */

/* Begin PBXProject section */
		C9FFDEC22C8AE7D200A17E09 /* Project object */ = {
			isa = PBXProject;
			attributes = {
				BuildIndependentTargetsInParallel = 1;
				LastSwiftUpdateCheck = 1530;
				LastUpgradeCheck = 1530;
				TargetAttributes = {
					C9FFDEC92C8AE7D200A17E09 = {
						CreatedOnToolsVersion = 15.3;
					};
				};
			};
			buildConfigurationList = C9FFDEC52C8AE7D200A17E09 /* Build configuration list for PBXProject "SwiftUI_CryptoCoin" */;
			compatibilityVersion = "Xcode 14.0";
			developmentRegion = en;
			hasScannedForEncodings = 0;
			knownRegions = (
				en,
				Base,
			);
			mainGroup = C9FFDEC12C8AE7D200A17E09;
			packageReferences = (
				C9B9DF6F2C92F3B300A2F7F8 /* XCRemoteSwiftPackageReference "realm-swift" */,
			);
			productRefGroup = C9FFDECB2C8AE7D200A17E09 /* Products */;
			projectDirPath = "";
			projectRoot = "";
			targets = (
				C9FFDEC92C8AE7D200A17E09 /* SwiftUI_CryptoCoin */,
			);
		};
/* End PBXProject section */

/* Begin PBXResourcesBuildPhase section */
		C9FFDEC82C8AE7D200A17E09 /* Resources */ = {
			isa = PBXResourcesBuildPhase;
			buildActionMask = 2147483647;
			files = (
				C9FFDED52C8AE7D300A17E09 /* Preview Assets.xcassets in Resources */,
				C9081C862C8DEF5500491BC7 /* mockCryptoData.json in Resources */,
				C9B9DF652C92CC5B00A2F7F8 /* mockSearchCoinData.json in Resources */,
				C9FFDED22C8AE7D300A17E09 /* Assets.xcassets in Resources */,
			);
			runOnlyForDeploymentPostprocessing = 0;
		};
/* End PBXResourcesBuildPhase section */

/* Begin PBXSourcesBuildPhase section */
		C9FFDEC62C8AE7D200A17E09 /* Sources */ = {
			isa = PBXSourcesBuildPhase;
			buildActionMask = 2147483647;
			files = (
				C9B9DF5A2C92B08B00A2F7F8 /* CryptoTabView.swift in Sources */,
				C90629EC2C8F4C5300345763 /* CoinItemView.swift in Sources */,
				C90629F32C8F53AB00345763 /* Double+.swift in Sources */,
				C90629F02C8F4EAF00345763 /* CurrencyIncrementView.swift in Sources */,
				C9081C7D2C8DE2BB00491BC7 /* NavigationWrapper.swift in Sources */,
				C9B9DF562C92A8A200A2F7F8 /* NFTItemView.swift in Sources */,
				C9FFDED02C8AE7D200A17E09 /* ContentView.swift in Sources */,
				C9B9DF632C92C8BF00A2F7F8 /* MyPageView.swift in Sources */,
				C9B9DF6E2C92F2FE00A2F7F8 /* CoinRepository.swift in Sources */,
				C9081C842C8DED2500491BC7 /* CryptoResponse.swift in Sources */,
				C9B9DF612C92B3AE00A2F7F8 /* FavoriteView.swift in Sources */,
				C90629EE2C8F4E8A00345763 /* CurrencyNameView.swift in Sources */,
				C9B9DF732C92F5F500A2F7F8 /* RealmCoinModel.swift in Sources */,
				C9B9DF672C92CEBD00A2F7F8 /* SearchResponseDTO.swift in Sources */,
				C9B9DF5E2C92B30100A2F7F8 /* CoinSearchView.swift in Sources */,
				C9FFDECE2C8AE7D200A17E09 /* SwiftUI_CryptoCoinApp.swift in Sources */,
				C9081C822C8DECFA00491BC7 /* CoinNetwork.swift in Sources */,
			);
			runOnlyForDeploymentPostprocessing = 0;
		};
/* End PBXSourcesBuildPhase section */

/* Begin XCBuildConfiguration section */
		C9FFDED62C8AE7D300A17E09 /* Debug */ = {
			isa = XCBuildConfiguration;
			buildSettings = {
				ALWAYS_SEARCH_USER_PATHS = NO;
				ASSETCATALOG_COMPILER_GENERATE_SWIFT_ASSET_SYMBOL_EXTENSIONS = YES;
				CLANG_ANALYZER_NONNULL = YES;
				CLANG_ANALYZER_NUMBER_OBJECT_CONVERSION = YES_AGGRESSIVE;
				CLANG_CXX_LANGUAGE_STANDARD = "gnu++20";
				CLANG_ENABLE_MODULES = YES;
				CLANG_ENABLE_OBJC_ARC = YES;
				CLANG_ENABLE_OBJC_WEAK = YES;
				CLANG_WARN_BLOCK_CAPTURE_AUTORELEASING = YES;
				CLANG_WARN_BOOL_CONVERSION = YES;
				CLANG_WARN_COMMA = YES;
				CLANG_WARN_CONSTANT_CONVERSION = YES;
				CLANG_WARN_DEPRECATED_OBJC_IMPLEMENTATIONS = YES;
				CLANG_WARN_DIRECT_OBJC_ISA_USAGE = YES_ERROR;
				CLANG_WARN_DOCUMENTATION_COMMENTS = YES;
				CLANG_WARN_EMPTY_BODY = YES;
				CLANG_WARN_ENUM_CONVERSION = YES;
				CLANG_WARN_INFINITE_RECURSION = YES;
				CLANG_WARN_INT_CONVERSION = YES;
				CLANG_WARN_NON_LITERAL_NULL_CONVERSION = YES;
				CLANG_WARN_OBJC_IMPLICIT_RETAIN_SELF = YES;
				CLANG_WARN_OBJC_LITERAL_CONVERSION = YES;
				CLANG_WARN_OBJC_ROOT_CLASS = YES_ERROR;
				CLANG_WARN_QUOTED_INCLUDE_IN_FRAMEWORK_HEADER = YES;
				CLANG_WARN_RANGE_LOOP_ANALYSIS = YES;
				CLANG_WARN_STRICT_PROTOTYPES = YES;
				CLANG_WARN_SUSPICIOUS_MOVE = YES;
				CLANG_WARN_UNGUARDED_AVAILABILITY = YES_AGGRESSIVE;
				CLANG_WARN_UNREACHABLE_CODE = YES;
				CLANG_WARN__DUPLICATE_METHOD_MATCH = YES;
				COPY_PHASE_STRIP = NO;
				DEBUG_INFORMATION_FORMAT = dwarf;
				ENABLE_STRICT_OBJC_MSGSEND = YES;
				ENABLE_TESTABILITY = YES;
				ENABLE_USER_SCRIPT_SANDBOXING = YES;
				GCC_C_LANGUAGE_STANDARD = gnu17;
				GCC_DYNAMIC_NO_PIC = NO;
				GCC_NO_COMMON_BLOCKS = YES;
				GCC_OPTIMIZATION_LEVEL = 0;
				GCC_PREPROCESSOR_DEFINITIONS = (
					"DEBUG=1",
					"$(inherited)",
				);
				GCC_WARN_64_TO_32_BIT_CONVERSION = YES;
				GCC_WARN_ABOUT_RETURN_TYPE = YES_ERROR;
				GCC_WARN_UNDECLARED_SELECTOR = YES;
				GCC_WARN_UNINITIALIZED_AUTOS = YES_AGGRESSIVE;
				GCC_WARN_UNUSED_FUNCTION = YES;
				GCC_WARN_UNUSED_VARIABLE = YES;
				IPHONEOS_DEPLOYMENT_TARGET = 17.4;
				LOCALIZATION_PREFERS_STRING_CATALOGS = YES;
				MTL_ENABLE_DEBUG_INFO = INCLUDE_SOURCE;
				MTL_FAST_MATH = YES;
				ONLY_ACTIVE_ARCH = YES;
				SDKROOT = iphoneos;
				SWIFT_ACTIVE_COMPILATION_CONDITIONS = "DEBUG $(inherited)";
				SWIFT_OPTIMIZATION_LEVEL = "-Onone";
			};
			name = Debug;
		};
		C9FFDED72C8AE7D300A17E09 /* Release */ = {
			isa = XCBuildConfiguration;
			buildSettings = {
				ALWAYS_SEARCH_USER_PATHS = NO;
				ASSETCATALOG_COMPILER_GENERATE_SWIFT_ASSET_SYMBOL_EXTENSIONS = YES;
				CLANG_ANALYZER_NONNULL = YES;
				CLANG_ANALYZER_NUMBER_OBJECT_CONVERSION = YES_AGGRESSIVE;
				CLANG_CXX_LANGUAGE_STANDARD = "gnu++20";
				CLANG_ENABLE_MODULES = YES;
				CLANG_ENABLE_OBJC_ARC = YES;
				CLANG_ENABLE_OBJC_WEAK = YES;
				CLANG_WARN_BLOCK_CAPTURE_AUTORELEASING = YES;
				CLANG_WARN_BOOL_CONVERSION = YES;
				CLANG_WARN_COMMA = YES;
				CLANG_WARN_CONSTANT_CONVERSION = YES;
				CLANG_WARN_DEPRECATED_OBJC_IMPLEMENTATIONS = YES;
				CLANG_WARN_DIRECT_OBJC_ISA_USAGE = YES_ERROR;
				CLANG_WARN_DOCUMENTATION_COMMENTS = YES;
				CLANG_WARN_EMPTY_BODY = YES;
				CLANG_WARN_ENUM_CONVERSION = YES;
				CLANG_WARN_INFINITE_RECURSION = YES;
				CLANG_WARN_INT_CONVERSION = YES;
				CLANG_WARN_NON_LITERAL_NULL_CONVERSION = YES;
				CLANG_WARN_OBJC_IMPLICIT_RETAIN_SELF = YES;
				CLANG_WARN_OBJC_LITERAL_CONVERSION = YES;
				CLANG_WARN_OBJC_ROOT_CLASS = YES_ERROR;
				CLANG_WARN_QUOTED_INCLUDE_IN_FRAMEWORK_HEADER = YES;
				CLANG_WARN_RANGE_LOOP_ANALYSIS = YES;
				CLANG_WARN_STRICT_PROTOTYPES = YES;
				CLANG_WARN_SUSPICIOUS_MOVE = YES;
				CLANG_WARN_UNGUARDED_AVAILABILITY = YES_AGGRESSIVE;
				CLANG_WARN_UNREACHABLE_CODE = YES;
				CLANG_WARN__DUPLICATE_METHOD_MATCH = YES;
				COPY_PHASE_STRIP = NO;
				DEBUG_INFORMATION_FORMAT = "dwarf-with-dsym";
				ENABLE_NS_ASSERTIONS = NO;
				ENABLE_STRICT_OBJC_MSGSEND = YES;
				ENABLE_USER_SCRIPT_SANDBOXING = YES;
				GCC_C_LANGUAGE_STANDARD = gnu17;
				GCC_NO_COMMON_BLOCKS = YES;
				GCC_WARN_64_TO_32_BIT_CONVERSION = YES;
				GCC_WARN_ABOUT_RETURN_TYPE = YES_ERROR;
				GCC_WARN_UNDECLARED_SELECTOR = YES;
				GCC_WARN_UNINITIALIZED_AUTOS = YES_AGGRESSIVE;
				GCC_WARN_UNUSED_FUNCTION = YES;
				GCC_WARN_UNUSED_VARIABLE = YES;
				IPHONEOS_DEPLOYMENT_TARGET = 17.4;
				LOCALIZATION_PREFERS_STRING_CATALOGS = YES;
				MTL_ENABLE_DEBUG_INFO = NO;
				MTL_FAST_MATH = YES;
				SDKROOT = iphoneos;
				SWIFT_COMPILATION_MODE = wholemodule;
				VALIDATE_PRODUCT = YES;
			};
			name = Release;
		};
		C9FFDED92C8AE7D300A17E09 /* Debug */ = {
			isa = XCBuildConfiguration;
			buildSettings = {
				ASSETCATALOG_COMPILER_APPICON_NAME = AppIcon;
				ASSETCATALOG_COMPILER_GLOBAL_ACCENT_COLOR_NAME = AccentColor;
				CODE_SIGN_STYLE = Automatic;
				CURRENT_PROJECT_VERSION = 1;
				DEVELOPMENT_ASSET_PATHS = "\"SwiftUI_CryptoCoin/Preview Content\"";
				DEVELOPMENT_TEAM = T4W7695R5C;
				ENABLE_PREVIEWS = YES;
				GENERATE_INFOPLIST_FILE = YES;
				INFOPLIST_KEY_UIApplicationSceneManifest_Generation = YES;
				INFOPLIST_KEY_UIApplicationSupportsIndirectInputEvents = YES;
				INFOPLIST_KEY_UILaunchScreen_Generation = YES;
				INFOPLIST_KEY_UISupportedInterfaceOrientations = UIInterfaceOrientationPortrait;
				INFOPLIST_KEY_UISupportedInterfaceOrientations_iPad = "UIInterfaceOrientationLandscapeLeft UIInterfaceOrientationLandscapeRight UIInterfaceOrientationPortrait UIInterfaceOrientationPortraitUpsideDown";
				INFOPLIST_KEY_UIUserInterfaceStyle = Light;
				IPHONEOS_DEPLOYMENT_TARGET = 16.0;
				LD_RUNPATH_SEARCH_PATHS = (
					"$(inherited)",
					"@executable_path/Frameworks",
				);
				MARKETING_VERSION = 1.0;
				PRODUCT_BUNDLE_IDENTIFIER = "com.jisooHAM.SwiftUI-CryptoCoin";
				PRODUCT_NAME = "$(TARGET_NAME)";
				SUPPORTED_PLATFORMS = "iphoneos iphonesimulator";
				SUPPORTS_MACCATALYST = NO;
				SUPPORTS_MAC_DESIGNED_FOR_IPHONE_IPAD = NO;
				SUPPORTS_XR_DESIGNED_FOR_IPHONE_IPAD = NO;
				SWIFT_EMIT_LOC_STRINGS = YES;
				SWIFT_VERSION = 5.0;
				TARGETED_DEVICE_FAMILY = 1;
			};
			name = Debug;
		};
		C9FFDEDA2C8AE7D300A17E09 /* Release */ = {
			isa = XCBuildConfiguration;
			buildSettings = {
				ASSETCATALOG_COMPILER_APPICON_NAME = AppIcon;
				ASSETCATALOG_COMPILER_GLOBAL_ACCENT_COLOR_NAME = AccentColor;
				CODE_SIGN_STYLE = Automatic;
				CURRENT_PROJECT_VERSION = 1;
				DEVELOPMENT_ASSET_PATHS = "\"SwiftUI_CryptoCoin/Preview Content\"";
				DEVELOPMENT_TEAM = T4W7695R5C;
				ENABLE_PREVIEWS = YES;
				GENERATE_INFOPLIST_FILE = YES;
				INFOPLIST_KEY_UIApplicationSceneManifest_Generation = YES;
				INFOPLIST_KEY_UIApplicationSupportsIndirectInputEvents = YES;
				INFOPLIST_KEY_UILaunchScreen_Generation = YES;
				INFOPLIST_KEY_UISupportedInterfaceOrientations = UIInterfaceOrientationPortrait;
				INFOPLIST_KEY_UISupportedInterfaceOrientations_iPad = "UIInterfaceOrientationLandscapeLeft UIInterfaceOrientationLandscapeRight UIInterfaceOrientationPortrait UIInterfaceOrientationPortraitUpsideDown";
				INFOPLIST_KEY_UIUserInterfaceStyle = Light;
				IPHONEOS_DEPLOYMENT_TARGET = 16.0;
				LD_RUNPATH_SEARCH_PATHS = (
					"$(inherited)",
					"@executable_path/Frameworks",
				);
				MARKETING_VERSION = 1.0;
				PRODUCT_BUNDLE_IDENTIFIER = "com.jisooHAM.SwiftUI-CryptoCoin";
				PRODUCT_NAME = "$(TARGET_NAME)";
				SUPPORTED_PLATFORMS = "iphoneos iphonesimulator";
				SUPPORTS_MACCATALYST = NO;
				SUPPORTS_MAC_DESIGNED_FOR_IPHONE_IPAD = NO;
				SUPPORTS_XR_DESIGNED_FOR_IPHONE_IPAD = NO;
				SWIFT_EMIT_LOC_STRINGS = YES;
				SWIFT_VERSION = 5.0;
				TARGETED_DEVICE_FAMILY = 1;
			};
			name = Release;
		};
/* End XCBuildConfiguration section */

/* Begin XCConfigurationList section */
		C9FFDEC52C8AE7D200A17E09 /* Build configuration list for PBXProject "SwiftUI_CryptoCoin" */ = {
			isa = XCConfigurationList;
			buildConfigurations = (
				C9FFDED62C8AE7D300A17E09 /* Debug */,
				C9FFDED72C8AE7D300A17E09 /* Release */,
			);
			defaultConfigurationIsVisible = 0;
			defaultConfigurationName = Release;
		};
		C9FFDED82C8AE7D300A17E09 /* Build configuration list for PBXNativeTarget "SwiftUI_CryptoCoin" */ = {
			isa = XCConfigurationList;
			buildConfigurations = (
				C9FFDED92C8AE7D300A17E09 /* Debug */,
				C9FFDEDA2C8AE7D300A17E09 /* Release */,
			);
			defaultConfigurationIsVisible = 0;
			defaultConfigurationName = Release;
		};
/* End XCConfigurationList section */

/* Begin XCRemoteSwiftPackageReference section */
		C9B9DF6F2C92F3B300A2F7F8 /* XCRemoteSwiftPackageReference "realm-swift" */ = {
			isa = XCRemoteSwiftPackageReference;
			repositoryURL = "https://github.com/realm/realm-swift.git";
			requirement = {
				kind = exactVersion;
				version = 20.0.0;
			};
		};
/* End XCRemoteSwiftPackageReference section */

/* Begin XCSwiftPackageProductDependency section */
		C9B9DF702C92F3B300A2F7F8 /* RealmSwift */ = {
			isa = XCSwiftPackageProductDependency;
			package = C9B9DF6F2C92F3B300A2F7F8 /* XCRemoteSwiftPackageReference "realm-swift" */;
			productName = RealmSwift;
		};
/* End XCSwiftPackageProductDependency section */
	};
	rootObject = C9FFDEC22C8AE7D200A17E09 /* Project object */;
}
