{
  "originHash" : "182db11c87d1734fe53a6366b674339f70901a93290bd85def29b63e25e34c43",
  "pins" : [
    {
      "identity" : "realm-core",
      "kind" : "remoteSourceControl",
      "location" : "https://github.com/realm/realm-core.git",
      "state" : {
        "revision" : "f98720a07e6150c41c953e1937108225550ba155",
        "version" : "20.0.0"
      }
    },
    {
      "identity" : "realm-swift",
      "kind" : "remoteSourceControl",
      "location" : "https://github.com/realm/realm-swift.git",
      "state" : {
        "revision" : "7ea8be1f74034bae860120d58d3491c4fcedff5b",
        "version" : "20.0.0"
      }
    }
  ],
  "version" : 3
}
